
Microsoft Visual Studio Solution File, Format Version 12.00
# Visual Studio 2013
VisualStudioVersion = 12.0.31101.0
MinimumVisualStudioVersion = 10.0.40219.1
Project("{FAE04EC0-301F-11D3-BF4B-00C04F79EFBC}") = "HockeySignup.Data", "HockeySignup.Data\HockeySignup.Data.csproj", "{AAC91C71-A058-409F-B4F4-A7C78A34BC30}"
EndProject
Project("{FAE04EC0-301F-11D3-BF4B-00C04F79EFBC}") = "HockeySignup.Web", "HockeySignup.Web\HockeySignup.Web.csproj", "{3C2218E5-9B70-4390-8235-98A7B9243F68}"
EndProject
Project("{FAE04EC0-301F-11D3-BF4B-00C04F79EFBC}") = "ConsoleApplication1", "ConsoleApplication1\ConsoleApplication1.csproj", "{A238772B-E3BA-4B77-81D0-A80D95AA24B6}"
EndProject
Global
	GlobalSection(SolutionConfigurationPlatforms) = preSolution
		Debug|Any CPU = Debug|Any CPU
		Release|Any CPU = Release|Any CPU
	EndGlobalSection
	GlobalSection(ProjectConfigurationPlatforms) = postSolution
		{AAC91C71-A058-409F-B4F4-A7C78A34BC30}.Debug|Any CPU.ActiveCfg = Debug|Any CPU
		{AAC91C71-A058-409F-B4F4-A7C78A34BC30}.Debug|Any CPU.Build.0 = Debug|Any CPU
		{AAC91C71-A058-409F-B4F4-A7C78A34BC30}.Release|Any CPU.ActiveCfg = Release|Any CPU
		{AAC91C71-A058-409F-B4F4-A7C78A34BC30}.Release|Any CPU.Build.0 = Release|Any CPU
		{3C2218E5-9B70-4390-8235-98A7B9243F68}.Debug|Any CPU.ActiveCfg = Debug|Any CPU
		{3C2218E5-9B70-4390-8235-98A7B9243F68}.Debug|Any CPU.Build.0 = Debug|Any CPU
		{3C2218E5-9B70-4390-8235-98A7B9243F68}.Release|Any CPU.ActiveCfg = Release|Any CPU
		{3C2218E5-9B70-4390-8235-98A7B9243F68}.Release|Any CPU.Build.0 = Release|Any CPU
		{A238772B-E3BA-4B77-81D0-A80D95AA24B6}.Debug|Any CPU.ActiveCfg = Debug|Any CPU
		{A238772B-E3BA-4B77-81D0-A80D95AA24B6}.Debug|Any CPU.Build.0 = Debug|Any CPU
		{A238772B-E3BA-4B77-81D0-A80D95AA24B6}.Release|Any CPU.ActiveCfg = Release|Any CPU
		{A238772B-E3BA-4B77-81D0-A80D95AA24B6}.Release|Any CPU.Build.0 = Release|Any CPU
	EndGlobalSection
	GlobalSection(SolutionProperties) = preSolution
		HideSolutionNode = FALSE
	EndGlobalSection
EndGlobal
